// !$*UTF8*$!
{
	archiveVersion = 1;
	classes = {
	};
	objectVersion = 46;
	objects = {

/* Begin PBXBuildFile section */
		119215D21B1F4C8E003020DA /* main.m in Sources */ = {isa = PBXBuildFile; fileRef = 119215D11B1F4C8E003020DA /* main.m */; };
		119215D51B1F4C8E003020DA /* AppDelegate.m in Sources */ = {isa = PBXBuildFile; fileRef = 119215D41B1F4C8E003020DA /* AppDelegate.m */; };
		119215D81B1F4C8E003020DA /* ViewController.m in Sources */ = {isa = PBXBuildFile; fileRef = 119215D71B1F4C8E003020DA /* ViewController.m */; };
		119215DB1B1F4C8E003020DA /* Main.storyboard in Resources */ = {isa = PBXBuildFile; fileRef = 119215D91B1F4C8E003020DA /* Main.storyboard */; };
		119215DD1B1F4C8E003020DA /* Images.xcassets in Resources */ = {isa = PBXBuildFile; fileRef = 119215DC1B1F4C8E003020DA /* Images.xcassets */; };
		119215E01B1F4C8E003020DA /* LaunchScreen.xib in Resources */ = {isa = PBXBuildFile; fileRef = 119215DE1B1F4C8E003020DA /* LaunchScreen.xib */; };
		119215EC1B1F4C8E003020DA /* GrandCentralDispatchTests.m in Sources */ = {isa = PBXBuildFile; fileRef = 119215EB1B1F4C8E003020DA /* GrandCentralDispatchTests.m */; };
/* End PBXBuildFile section */

/* Begin PBXContainerItemProxy section */
		119215E61B1F4C8E003020DA /* PBXContainerItemProxy */ = {
			isa = PBXContainerItemProxy;
			containerPortal = 119215C41B1F4C8D003020DA /* Project object */;
			proxyType = 1;
			remoteGlobalIDString = 119215CB1B1F4C8D003020DA;
			remoteInfo = GrandCentralDispatch;
		};
/* End PBXContainerItemProxy section */

/* Begin PBXFileReference section */
		119215CC1B1F4C8D003020DA /* GrandCentralDispatch.app */ = {isa = PBXFileReference; explicitFileType = wrapper.application; includeInIndex = 0; path = GrandCentralDispatch.app; sourceTree = BUILT_PRODUCTS_DIR; };
		119215D01B1F4C8E003020DA /* Info.plist */ = {isa = PBXFileReference; lastKnownFileType = text.plist.xml; path = Info.plist; sourceTree = "<group>"; };
		119215D11B1F4C8E003020DA /* main.m */ = {isa = PBXFileReference; lastKnownFileType = sourcecode.c.objc; path = main.m; sourceTree = "<group>"; };
		119215D31B1F4C8E003020DA /* AppDelegate.h */ = {isa = PBXFileReference; lastKnownFileType = sourcecode.c.h; path = AppDelegate.h; sourceTree = "<group>"; };
		119215D41B1F4C8E003020DA /* AppDelegate.m */ = {isa = PBXFileReference; lastKnownFileType = sourcecode.c.objc; path = AppDelegate.m; sourceTree = "<group>"; };
		119215D61B1F4C8E003020DA /* ViewController.h */ = {isa = PBXFileReference; lastKnownFileType = sourcecode.c.h; path = ViewController.h; sourceTree = "<group>"; };
		119215D71B1F4C8E003020DA /* ViewController.m */ = {isa = PBXFileReference; lastKnownFileType = sourcecode.c.objc; path = ViewController.m; sourceTree = "<group>"; };
		119215DA1B1F4C8E003020DA /* Base */ = {isa = PBXFileReference; lastKnownFileType = file.storyboard; name = Base; path = Base.lproj/Main.storyboard; sourceTree = "<group>"; };
		119215DC1B1F4C8E003020DA /* Images.xcassets */ = {isa = PBXFileReference; lastKnownFileType = folder.assetcatalog; path = Images.xcassets; sourceTree = "<group>"; };
		119215DF1B1F4C8E003020DA /* Base */ = {isa = PBXFileReference; lastKnownFileType = file.xib; name = Base; path = Base.lproj/LaunchScreen.xib; sourceTree = "<group>"; };
		119215E51B1F4C8E003020DA /* GrandCentralDispatchTests.xctest */ = {isa = PBXFileReference; explicitFileType = wrapper.cfbundle; includeInIndex = 0; path = GrandCentralDispatchTests.xctest; sourceTree = BUILT_PRODUCTS_DIR; };
		119215EA1B1F4C8E003020DA /* Info.plist */ = {isa = PBXFileReference; lastKnownFileType = text.plist.xml; path = Info.plist; sourceTree = "<group>"; };
		119215EB1B1F4C8E003020DA /* GrandCentralDispatchTests.m */ = {isa = PBXFileReference; lastKnownFileType = sourcecode.c.objc; path = GrandCentralDispatchTests.m; sourceTree = "<group>"; };
/* End PBXFileReference section */

/* Begin PBXFrameworksBuildPhase section */
		119215C91B1F4C8D003020DA /* Frameworks */ = {
			isa = PBXFrameworksBuildPhase;
			buildActionMask = 2147483647;
			files = (
			);
			runOnlyForDeploymentPostprocessing = 0;
		};
		119215E21B1F4C8E003020DA /* Frameworks */ = {
			isa = PBXFrameworksBuildPhase;
			buildActionMask = 2147483647;
			files = (
			);
			runOnlyForDeploymentPostprocessing = 0;
		};
/* End PBXFrameworksBuildPhase section */

/* Begin PBXGroup section */
		119215C31B1F4C8D003020DA = {
			isa = PBXGroup;
			children = (
				119215CE1B1F4C8D003020DA /* GrandCentralDispatch */,
				119215E81B1F4C8E003020DA /* GrandCentralDispatchTests */,
				119215CD1B1F4C8D003020DA /* Products */,
			);
			sourceTree = "<group>";
		};
		119215CD1B1F4C8D003020DA /* Products */ = {
			isa = PBXGroup;
			children = (
				119215CC1B1F4C8D003020DA /* GrandCentralDispatch.app */,
				119215E51B1F4C8E003020DA /* GrandCentralDispatchTests.xctest */,
			);
			name = Products;
			sourceTree = "<group>";
		};
		119215CE1B1F4C8D003020DA /* GrandCentralDispatch */ = {
			isa = PBXGroup;
			children = (
				119215D31B1F4C8E003020DA /* AppDelegate.h */,
				119215D41B1F4C8E003020DA /* AppDelegate.m */,
				119215D61B1F4C8E003020DA /* ViewController.h */,
				119215D71B1F4C8E003020DA /* ViewController.m */,
				119215D91B1F4C8E003020DA /* Main.storyboard */,
				119215DC1B1F4C8E003020DA /* Images.xcassets */,
				119215DE1B1F4C8E003020DA /* LaunchScreen.xib */,
				119215CF1B1F4C8E003020DA /* Supporting Files */,
			);
			path = GrandCentralDispatch;
			sourceTree = "<group>";
		};
		119215CF1B1F4C8E003020DA /* Supporting Files */ = {
			isa = PBXGroup;
			children = (
				119215D01B1F4C8E003020DA /* Info.plist */,
				119215D11B1F4C8E003020DA /* main.m */,
			);
			name = "Supporting Files";
			sourceTree = "<group>";
		};
		119215E81B1F4C8E003020DA /* GrandCentralDispatchTests */ = {
			isa = PBXGroup;
			children = (
				119215EB1B1F4C8E003020DA /* GrandCentralDispatchTests.m */,
				119215E91B1F4C8E003020DA /* Supporting Files */,
			);
			path = GrandCentralDispatchTests;
			sourceTree = "<group>";
		};
		119215E91B1F4C8E003020DA /* Supporting Files */ = {
			isa = PBXGroup;
			children = (
				119215EA1B1F4C8E003020DA /* Info.plist */,
			);
			name = "Supporting Files";
			sourceTree = "<group>";
		};
/* End PBXGroup section */

/* Begin PBXNativeTarget section */
		119215CB1B1F4C8D003020DA /* GrandCentralDispatch */ = {
			isa = PBXNativeTarget;
			buildConfigurationList = 119215EF1B1F4C8E003020DA /* Build configuration list for PBXNativeTarget "GrandCentralDispatch" */;
			buildPhases = (
				119215C81B1F4C8D003020DA /* Sources */,
				119215C91B1F4C8D003020DA /* Frameworks */,
				119215CA1B1F4C8D003020DA /* Resources */,
			);
			buildRules = (
			);
			dependencies = (
			);
			name = GrandCentralDispatch;
			productName = GrandCentralDispatch;
			productReference = 119215CC1B1F4C8D003020DA /* GrandCentralDispatch.app */;
			productType = "com.apple.product-type.application";
		};
		119215E41B1F4C8E003020DA /* GrandCentralDispatchTests */ = {
			isa = PBXNativeTarget;
			buildConfigurationList = 119215F21B1F4C8E003020DA /* Build configuration list for PBXNativeTarget "GrandCentralDispatchTests" */;
			buildPhases = (
				119215E11B1F4C8E003020DA /* Sources */,
				119215E21B1F4C8E003020DA /* Frameworks */,
				119215E31B1F4C8E003020DA /* Resources */,
			);
			buildRules = (
			);
			dependencies = (
				119215E71B1F4C8E003020DA /* PBXTargetDependency */,
			);
			name = GrandCentralDispatchTests;
			productName = GrandCentralDispatchTests;
			productReference = 119215E51B1F4C8E003020DA /* GrandCentralDispatchTests.xctest */;
			productType = "com.apple.product-type.bundle.unit-test";
		};
/* End PBXNativeTarget section */

/* Begin PBXProject section */
		119215C41B1F4C8D003020DA /* Project object */ = {
			isa = PBXProject;
			attributes = {
				LastUpgradeCheck = 0630;
				ORGANIZATIONNAME = "Larry Feldman";
				TargetAttributes = {
					119215CB1B1F4C8D003020DA = {
						CreatedOnToolsVersion = 6.3;
					};
					119215E41B1F4C8E003020DA = {
						CreatedOnToolsVersion = 6.3;
						TestTargetID = 119215CB1B1F4C8D003020DA;
					};
				};
			};
			buildConfigurationList = 119215C71B1F4C8D003020DA /* Build configuration list for PBXProject "GrandCentralDispatch" */;
			compatibilityVersion = "Xcode 3.2";
			developmentRegion = English;
			hasScannedForEncodings = 0;
			knownRegions = (
				en,
				Base,
			);
			mainGroup = 119215C31B1F4C8D003020DA;
			productRefGroup = 119215CD1B1F4C8D003020DA /* Products */;
			projectDirPath = "";
			projectRoot = "";
			targets = (
				119215CB1B1F4C8D003020DA /* GrandCentralDispatch */,
				119215E41B1F4C8E003020DA /* GrandCentralDispatchTests */,
			);
		};
/* End PBXProject section */

/* Begin PBXResourcesBuildPhase section */
		119215CA1B1F4C8D003020DA /* Resources */ = {
			isa = PBXResourcesBuildPhase;
			buildActionMask = 2147483647;
			files = (
				119215DB1B1F4C8E003020DA /* Main.storyboard in Resources */,
				119215E01B1F4C8E003020DA /* LaunchScreen.xib in Resources */,
				119215DD1B1F4C8E003020DA /* Images.xcassets in Resources */,
			);
			runOnlyForDeploymentPostprocessing = 0;
		};
		119215E31B1F4C8E003020DA /* Resources */ = {
			isa = PBXResourcesBuildPhase;
			buildActionMask = 2147483647;
			files = (
			);
			runOnlyForDeploymentPostprocessing = 0;
		};
/* End PBXResourcesBuildPhase section */

/* Begin PBXSourcesBuildPhase section */
		119215C81B1F4C8D003020DA /* Sources */ = {
			isa = PBXSourcesBuildPhase;
			buildActionMask = 2147483647;
			files = (
				119215D81B1F4C8E003020DA /* ViewController.m in Sources */,
				119215D51B1F4C8E003020DA /* AppDelegate.m in Sources */,
				119215D21B1F4C8E003020DA /* main.m in Sources */,
			);
			runOnlyForDeploymentPostprocessing = 0;
		};
		119215E11B1F4C8E003020DA /* Sources */ = {
			isa = PBXSourcesBuildPhase;
			buildActionMask = 2147483647;
			files = (
				119215EC1B1F4C8E003020DA /* GrandCentralDispatchTests.m in Sources */,
			);
			runOnlyForDeploymentPostprocessing = 0;
		};
/* End PBXSourcesBuildPhase section */

/* Begin PBXTargetDependency section */
		119215E71B1F4C8E003020DA /* PBXTargetDependency */ = {
			isa = PBXTargetDependency;
			target = 119215CB1B1F4C8D003020DA /* GrandCentralDispatch */;
			targetProxy = 119215E61B1F4C8E003020DA /* PBXContainerItemProxy */;
		};
/* End PBXTargetDependency section */

/* Begin PBXVariantGroup section */
		119215D91B1F4C8E003020DA /* Main.storyboard */ = {
			isa = PBXVariantGroup;
			children = (
				119215DA1B1F4C8E003020DA /* Base */,
			);
			name = Main.storyboard;
			sourceTree = "<group>";
		};
		119215DE1B1F4C8E003020DA /* LaunchScreen.xib */ = {
			isa = PBXVariantGroup;
			children = (
				119215DF1B1F4C8E003020DA /* Base */,
			);
			name = LaunchScreen.xib;
			sourceTree = "<group>";
		};
/* End PBXVariantGroup section */

/* Begin XCBuildConfiguration section */
		119215ED1B1F4C8E003020DA /* Debug */ = {
			isa = XCBuildConfiguration;
			buildSettings = {
				ALWAYS_SEARCH_USER_PATHS = NO;
				CLANG_CXX_LANGUAGE_STANDARD = "gnu++0x";
				CLANG_CXX_LIBRARY = "libc++";
				CLANG_ENABLE_MODULES = YES;
				CLANG_ENABLE_OBJC_ARC = YES;
				CLANG_WARN_BOOL_CONVERSION = YES;
				CLANG_WARN_CONSTANT_CONVERSION = YES;
				CLANG_WARN_DIRECT_OBJC_ISA_USAGE = YES_ERROR;
				CLANG_WARN_EMPTY_BODY = YES;
				CLANG_WARN_ENUM_CONVERSION = YES;
				CLANG_WARN_INT_CONVERSION = YES;
				CLANG_WARN_OBJC_ROOT_CLASS = YES_ERROR;
				CLANG_WARN_UNREACHABLE_CODE = YES;
				CLANG_WARN__DUPLICATE_METHOD_MATCH = YES;
				"CODE_SIGN_IDENTITY[sdk=iphoneos*]" = "iPhone Developer";
				COPY_PHASE_STRIP = NO;
				DEBUG_INFORMATION_FORMAT = "dwarf-with-dsym";
				ENABLE_STRICT_OBJC_MSGSEND = YES;
				GCC_C_LANGUAGE_STANDARD = gnu99;
				GCC_DYNAMIC_NO_PIC = NO;
				GCC_NO_COMMON_BLOCKS = YES;
				GCC_OPTIMIZATION_LEVEL = 0;
				GCC_PREPROCESSOR_DEFINITIONS = (
					"DEBUG=1",
					"$(inherited)",
				);
				GCC_SYMBOLS_PRIVATE_EXTERN = NO;
				GCC_WARN_64_TO_32_BIT_CONVERSION = YES;
				GCC_WARN_ABOUT_RETURN_TYPE = YES_ERROR;
				GCC_WARN_UNDECLARED_SELECTOR = YES;
				GCC_WARN_UNINITIALIZED_AUTOS = YES_AGGRESSIVE;
				GCC_WARN_UNUSED_FUNCTION = YES;
				GCC_WARN_UNUSED_VARIABLE = YES;
				IPHONEOS_DEPLOYMENT_TARGET = 8.3;
				MTL_ENABLE_DEBUG_INFO = YES;
				ONLY_ACTIVE_ARCH = YES;
				SDKROOT = iphoneos;
			};
			name = Debug;
		};
		119215EE1B1F4C8E003020DA /* Release */ = {
			isa = XCBuildConfiguration;
			buildSettings = {
				ALWAYS_SEARCH_USER_PATHS = NO;
				CLANG_CXX_LANGUAGE_STANDARD = "gnu++0x";
				CLANG_CXX_LIBRARY = "libc++";
				CLANG_ENABLE_MODULES = YES;
				CLANG_ENABLE_OBJC_ARC = YES;
				CLANG_WARN_BOOL_CONVERSION = YES;
				CLANG_WARN_CONSTANT_CONVERSION = YES;
				CLANG_WARN_DIRECT_OBJC_ISA_USAGE = YES_ERROR;
				CLANG_WARN_EMPTY_BODY = YES;
				CLANG_WARN_ENUM_CONVERSION = YES;
				CLANG_WARN_INT_CONVERSION = YES;
				CLANG_WARN_OBJC_ROOT_CLASS = YES_ERROR;
				CLANG_WARN_UNREACHABLE_CODE = YES;
				CLANG_WARN__DUPLICATE_METHOD_MATCH = YES;
				"CODE_SIGN_IDENTITY[sdk=iphoneos*]" = "iPhone Developer";
				COPY_PHASE_STRIP = NO;
				DEBUG_INFORMATION_FORMAT = "dwarf-with-dsym";
				ENABLE_NS_ASSERTIONS = NO;
				ENABLE_STRICT_OBJC_MSGSEND = YES;
				GCC_C_LANGUAGE_STANDARD = gnu99;
				GCC_NO_COMMON_BLOCKS = YES;
				GCC_WARN_64_TO_32_BIT_CONVERSION = YES;
				GCC_WARN_ABOUT_RETURN_TYPE = YES_ERROR;
				GCC_WARN_UNDECLARED_SELECTOR = YES;
				GCC_WARN_UNINITIALIZED_AUTOS = YES_AGGRESSIVE;
				GCC_WARN_UNUSED_FUNCTION = YES;
				GCC_WARN_UNUSED_VARIABLE = YES;
				IPHONEOS_DEPLOYMENT_TARGET = 8.3;
				MTL_ENABLE_DEBUG_INFO = NO;
				SDKROOT = iphoneos;
				VALIDATE_PRODUCT = YES;
			};
			name = Release;
		};
		119215F01B1F4C8E003020DA /* Debug */ = {
			isa = XCBuildConfiguration;
			buildSettings = {
				ASSETCATALOG_COMPILER_APPICON_NAME = AppIcon;
				INFOPLIST_FILE = GrandCentralDispatch/Info.plist;
				LD_RUNPATH_SEARCH_PATHS = "$(inherited) @executable_path/Frameworks";
				PRODUCT_NAME = "$(TARGET_NAME)";
			};
			name = Debug;
		};
		119215F11B1F4C8E003020DA /* Release */ = {
			isa = XCBuildConfiguration;
			buildSettings = {
				ASSETCATALOG_COMPILER_APPICON_NAME = AppIcon;
				INFOPLIST_FILE = GrandCentralDispatch/Info.plist;
				LD_RUNPATH_SEARCH_PATHS = "$(inherited) @executable_path/Frameworks";
				PRODUCT_NAME = "$(TARGET_NAME)";
			};
			name = Release;
		};
		119215F31B1F4C8E003020DA /* Debug */ = {
			isa = XCBuildConfiguration;
			buildSettings = {
				BUNDLE_LOADER = "$(TEST_HOST)";
				FRAMEWORK_SEARCH_PATHS = (
					"$(SDKROOT)/Developer/Library/Frameworks",
					"$(inherited)",
				);
				GCC_PREPROCESSOR_DEFINITIONS = (
					"DEBUG=1",
					"$(inherited)",
				);
				INFOPLIST_FILE = GrandCentralDispatchTests/Info.plist;
				LD_RUNPATH_SEARCH_PATHS = "$(inherited) @executable_path/Frameworks @loader_path/Frameworks";
				PRODUCT_NAME = "$(TARGET_NAME)";
				TEST_HOST = "$(BUILT_PRODUCTS_DIR)/GrandCentralDispatch.app/GrandCentralDispatch";
			};
			name = Debug;
		};
		119215F41B1F4C8E003020DA /* Release */ = {
			isa = XCBuildConfiguration;
			buildSettings = {
				BUNDLE_LOADER = "$(TEST_HOST)";
				FRAMEWORK_SEARCH_PATHS = (
					"$(SDKROOT)/Developer/Library/Frameworks",
					"$(inherited)",
				);
				INFOPLIST_FILE = GrandCentralDispatchTests/Info.plist;
				LD_RUNPATH_SEARCH_PATHS = "$(inherited) @executable_path/Frameworks @loader_path/Frameworks";
				PRODUCT_NAME = "$(TARGET_NAME)";
				TEST_HOST = "$(BUILT_PRODUCTS_DIR)/GrandCentralDispatch.app/GrandCentralDispatch";
			};
			name = Release;
		};
/* End XCBuildConfiguration section */

/* Begin XCConfigurationList section */
		119215C71B1F4C8D003020DA /* Build configuration list for PBXProject "GrandCentralDispatch" */ = {
			isa = XCConfigurationList;
			buildConfigurations = (
				119215ED1B1F4C8E003020DA /* Debug */,
				119215EE1B1F4C8E003020DA /* Release */,
			);
			defaultConfigurationIsVisible = 0;
			defaultConfigurationName = Release;
		};
		119215EF1B1F4C8E003020DA /* Build configuration list for PBXNativeTarget "GrandCentralDispatch" */ = {
			isa = XCConfigurationList;
			buildConfigurations = (
				119215F01B1F4C8E003020DA /* Debug */,
				119215F11B1F4C8E003020DA /* Release */,
			);
			defaultConfigurationIsVisible = 0;
		};
		119215F21B1F4C8E003020DA /* Build configuration list for PBXNativeTarget "GrandCentralDispatchTests" */ = {
			isa = XCConfigurationList;
			buildConfigurations = (
				119215F31B1F4C8E003020DA /* Debug */,
				119215F41B1F4C8E003020DA /* Release */,
			);
			defaultConfigurationIsVisible = 0;
		};
/* End XCConfigurationList section */
	};
	rootObject = 119215C41B1F4C8D003020DA /* Project object */;
}
